
Microsoft Visual Studio Solution File, Format Version 12.00
# Visual Studio Version 17
VisualStudioVersion = 17.5.002.0
MinimumVisualStudioVersion = 10.0.40219.1
Project("{9A19103F-16F7-4668-BE54-9A1E7A4F7556}") = "movement-2d-test", "movement-2d-test.csproj", "{726168C5-BF13-4629-937B-492ACC8F5C4D}"
EndProject
Global
	GlobalSection(SolutionConfigurationPlatforms) = preSolution
		Debug|Any CPU = Debug|Any CPU
		Release|Any CPU = Release|Any CPU
	EndGlobalSection
	GlobalSection(ProjectConfigurationPlatforms) = postSolution
		{726168C5-BF13-4629-937B-492ACC8F5C4D}.Debug|Any CPU.ActiveCfg = Debug|Any CPU
		{726168C5-BF13-4629-937B-492ACC8F5C4D}.Debug|Any CPU.Build.0 = Debug|Any CPU
		{726168C5-BF13-4629-937B-492ACC8F5C4D}.Release|Any CPU.ActiveCfg = Release|Any CPU
		{726168C5-BF13-4629-937B-492ACC8F5C4D}.Release|Any CPU.Build.0 = Release|Any CPU
	EndGlobalSection
	GlobalSection(SolutionProperties) = preSolution
		HideSolutionNode = FALSE
	EndGlobalSection
	GlobalSection(ExtensibilityGlobals) = postSolution
		SolutionGuid = {FA6B2846-7DD4-443E-92B7-742FEA75DCD6}
	EndGlobalSection
EndGlobal
